
Microsoft Visual Studio Solution File, Format Version 12.00
# Visual Studio Version 17
VisualStudioVersion = 17.0.31903.59
MinimumVisualStudioVersion = 10.0.40219.1
Project("{FAE04EC0-301F-11D3-BF4B-00C04F79EFBC}") = "WebApplication2", "WebApplication2\WebApplication2.csproj", "{55BFBD8D-B795-4564-B7BC-5A9DBAEF25A4}"
EndProject
Global
	GlobalSection(SolutionConfigurationPlatforms) = preSolution
		Debug|Any CPU = Debug|Any CPU
		Release|Any CPU = Release|Any CPU
	EndGlobalSection
	GlobalSection(ProjectConfigurationPlatforms) = postSolution
		{55BFBD8D-B795-4564-B7BC-5A9DBAEF25A4}.Debug|Any CPU.ActiveCfg = Debug|Any CPU
		{55BFBD8D-B795-4564-B7BC-5A9DBAEF25A4}.Debug|Any CPU.Build.0 = Debug|Any CPU
		{55BFBD8D-B795-4564-B7BC-5A9DBAEF25A4}.Release|Any CPU.ActiveCfg = Release|Any CPU
		{55BFBD8D-B795-4564-B7BC-5A9DBAEF25A4}.Release|Any CPU.Build.0 = Release|Any CPU
	EndGlobalSection
	GlobalSection(SolutionProperties) = preSolution
		HideSolutionNode = FALSE
	EndGlobalSection
	GlobalSection(ExtensibilityGlobals) = postSolution
		SolutionGuid = {019B1E29-F7AB-46B8-BC47-985A59D70F45}
	EndGlobalSection
EndGlobal
